
Microsoft Visual Studio Solution File, Format Version 12.00
# Visual Studio Version 17
VisualStudioVersion = 17.14.36401.2 d17.14
MinimumVisualStudioVersion = 10.0.40219.1
Project("{FAE04EC0-301F-11D3-BF4B-00C04F79EFBC}") = "GameManagement", "GameManagement\GameManagement.csproj", "{AC5203FE-E9CC-407D-BAE1-B01B3FE7BBB4}"
EndProject
Project("{FAE04EC0-301F-11D3-BF4B-00C04F79EFBC}") = "Repository", "Repository\Repository.csproj", "{88599276-4CDF-409C-AE87-85650B6BFB1F}"
EndProject
Project("{FAE04EC0-301F-11D3-BF4B-00C04F79EFBC}") = "Service", "Service\Service.csproj", "{099F569C-C44C-45D5-8630-3B0B924C1C2B}"
EndProject
Global
	GlobalSection(SolutionConfigurationPlatforms) = preSolution
		Debug|Any CPU = Debug|Any CPU
		Release|Any CPU = Release|Any CPU
	EndGlobalSection
	GlobalSection(ProjectConfigurationPlatforms) = postSolution
		{AC5203FE-E9CC-407D-BAE1-B01B3FE7BBB4}.Debug|Any CPU.ActiveCfg = Debug|Any CPU
		{AC5203FE-E9CC-407D-BAE1-B01B3FE7BBB4}.Debug|Any CPU.Build.0 = Debug|Any CPU
		{AC5203FE-E9CC-407D-BAE1-B01B3FE7BBB4}.Release|Any CPU.ActiveCfg = Release|Any CPU
		{AC5203FE-E9CC-407D-BAE1-B01B3FE7BBB4}.Release|Any CPU.Build.0 = Release|Any CPU
		{88599276-4CDF-409C-AE87-85650B6BFB1F}.Debug|Any CPU.ActiveCfg = Debug|Any CPU
		{88599276-4CDF-409C-AE87-85650B6BFB1F}.Debug|Any CPU.Build.0 = Debug|Any CPU
		{88599276-4CDF-409C-AE87-85650B6BFB1F}.Release|Any CPU.ActiveCfg = Release|Any CPU
		{88599276-4CDF-409C-AE87-85650B6BFB1F}.Release|Any CPU.Build.0 = Release|Any CPU
		{099F569C-C44C-45D5-8630-3B0B924C1C2B}.Debug|Any CPU.ActiveCfg = Debug|Any CPU
		{099F569C-C44C-45D5-8630-3B0B924C1C2B}.Debug|Any CPU.Build.0 = Debug|Any CPU
		{099F569C-C44C-45D5-8630-3B0B924C1C2B}.Release|Any CPU.ActiveCfg = Release|Any CPU
		{099F569C-C44C-45D5-8630-3B0B924C1C2B}.Release|Any CPU.Build.0 = Release|Any CPU
	EndGlobalSection
	GlobalSection(SolutionProperties) = preSolution
		HideSolutionNode = FALSE
	EndGlobalSection
	GlobalSection(ExtensibilityGlobals) = postSolution
		SolutionGuid = {72B6452D-7240-4A79-A9E7-96B6BB8A8A6D}
	EndGlobalSection
EndGlobal
